
Microsoft Visual Studio Solution File, Format Version 12.00
# Visual Studio 2012
Project("{FAE04EC0-301F-11D3-BF4B-00C04F79EFBC}") = "Dashboard.Client", "Dashboard.Client\Dashboard.Client.csproj", "{C7230E44-1BDA-4651-9F0F-FB86DE5C8A1C}"
EndProject
Project("{FAE04EC0-301F-11D3-BF4B-00C04F79EFBC}") = "Dashboard.Server", "Dashboard.Server\Dashboard.Server.csproj", "{2AA993E7-054B-440C-9E8F-C5D93418CD3F}"
EndProject
Global
	GlobalSection(SolutionConfigurationPlatforms) = preSolution
		Debug|Any CPU = Debug|Any CPU
		Release|Any CPU = Release|Any CPU
	EndGlobalSection
	GlobalSection(ProjectConfigurationPlatforms) = postSolution
		{C7230E44-1BDA-4651-9F0F-FB86DE5C8A1C}.Debug|Any CPU.ActiveCfg = Debug|Any CPU
		{C7230E44-1BDA-4651-9F0F-FB86DE5C8A1C}.Debug|Any CPU.Build.0 = Debug|Any CPU
		{C7230E44-1BDA-4651-9F0F-FB86DE5C8A1C}.Release|Any CPU.ActiveCfg = Release|Any CPU
		{C7230E44-1BDA-4651-9F0F-FB86DE5C8A1C}.Release|Any CPU.Build.0 = Release|Any CPU
		{2AA993E7-054B-440C-9E8F-C5D93418CD3F}.Debug|Any CPU.ActiveCfg = Debug|Any CPU
		{2AA993E7-054B-440C-9E8F-C5D93418CD3F}.Debug|Any CPU.Build.0 = Debug|Any CPU
		{2AA993E7-054B-440C-9E8F-C5D93418CD3F}.Release|Any CPU.ActiveCfg = Release|Any CPU
		{2AA993E7-054B-440C-9E8F-C5D93418CD3F}.Release|Any CPU.Build.0 = Release|Any CPU
	EndGlobalSection
	GlobalSection(SolutionProperties) = preSolution
		HideSolutionNode = FALSE
	EndGlobalSection
EndGlobal
